
Microsoft Visual Studio Solution File, Format Version 12.00
# Visual Studio Version 17
VisualStudioVersion = 17.0.31903.59
MinimumVisualStudioVersion = 10.0.40219.1
Project("{9A19103F-16F7-4668-BE54-9A1E7A4F7556}") = "RealEstateListingApi", "RealEstateListingApi.csproj", "{966623B1-CFC6-4C86-85EA-FC8A81EC6DA3}"
EndProject
Project("{FAE04EC0-301F-11D3-BF4B-00C04F79EFBC}") = "RealEstateListing.Domain", "..\RealEstateListing.Domain\RealEstateListing.Domain\RealEstateListing.Domain.csproj", "{0F1A9E01-DB36-4A94-BE3A-5BE84D076588}"
EndProject
Project("{FAE04EC0-301F-11D3-BF4B-00C04F79EFBC}") = "RealEstateListing.Mapping", "..\RealEstateListing.Mapping\RealEstateListing.Mapping\RealEstateListing.Mapping.csproj", "{7DA1E32B-FB68-42DD-895E-E110E142396C}"
EndProject
Project("{FAE04EC0-301F-11D3-BF4B-00C04F79EFBC}") = "RealEstateListing.Services", "..\RealEstateListing.Services\RealEstateListing.Services\RealEstateListing.Services.csproj", "{EF98BBF2-8F48-4AEE-AD5D-58621A5E8F52}"
EndProject
Global
	GlobalSection(SolutionConfigurationPlatforms) = preSolution
		Debug|Any CPU = Debug|Any CPU
		Release|Any CPU = Release|Any CPU
	EndGlobalSection
	GlobalSection(ProjectConfigurationPlatforms) = postSolution
		{966623B1-CFC6-4C86-85EA-FC8A81EC6DA3}.Debug|Any CPU.ActiveCfg = Debug|Any CPU
		{966623B1-CFC6-4C86-85EA-FC8A81EC6DA3}.Debug|Any CPU.Build.0 = Debug|Any CPU
		{966623B1-CFC6-4C86-85EA-FC8A81EC6DA3}.Release|Any CPU.ActiveCfg = Release|Any CPU
		{966623B1-CFC6-4C86-85EA-FC8A81EC6DA3}.Release|Any CPU.Build.0 = Release|Any CPU
		{0F1A9E01-DB36-4A94-BE3A-5BE84D076588}.Debug|Any CPU.ActiveCfg = Debug|Any CPU
		{0F1A9E01-DB36-4A94-BE3A-5BE84D076588}.Debug|Any CPU.Build.0 = Debug|Any CPU
		{0F1A9E01-DB36-4A94-BE3A-5BE84D076588}.Release|Any CPU.ActiveCfg = Release|Any CPU
		{0F1A9E01-DB36-4A94-BE3A-5BE84D076588}.Release|Any CPU.Build.0 = Release|Any CPU
		{7DA1E32B-FB68-42DD-895E-E110E142396C}.Debug|Any CPU.ActiveCfg = Debug|Any CPU
		{7DA1E32B-FB68-42DD-895E-E110E142396C}.Debug|Any CPU.Build.0 = Debug|Any CPU
		{7DA1E32B-FB68-42DD-895E-E110E142396C}.Release|Any CPU.ActiveCfg = Release|Any CPU
		{7DA1E32B-FB68-42DD-895E-E110E142396C}.Release|Any CPU.Build.0 = Release|Any CPU
		{EF98BBF2-8F48-4AEE-AD5D-58621A5E8F52}.Debug|Any CPU.ActiveCfg = Debug|Any CPU
		{EF98BBF2-8F48-4AEE-AD5D-58621A5E8F52}.Debug|Any CPU.Build.0 = Debug|Any CPU
		{EF98BBF2-8F48-4AEE-AD5D-58621A5E8F52}.Release|Any CPU.ActiveCfg = Release|Any CPU
		{EF98BBF2-8F48-4AEE-AD5D-58621A5E8F52}.Release|Any CPU.Build.0 = Release|Any CPU
	EndGlobalSection
	GlobalSection(SolutionProperties) = preSolution
		HideSolutionNode = FALSE
	EndGlobalSection
EndGlobal
